{
    "_readme": [
        "This file locks the dependencies of your project to a known state",
        "Read more about it at https://getcomposer.org/doc/01-basic-usage.md#installing-dependencies",
        "This file is @generated automatically"
    ],
    "content-hash": "13b7adc8e3184470494f598affcfbc29",
    "packages": [
        {
            "name": "mercadopago/sdk",
            "version": "v0.5.6",
            "source": {
                "type": "git",
                "url": "https://github.com/mercadopago/DEPRECATED-sdk-php.git",
                "reference": "67f65735d5d720a7fc2569163f5c7d150adc613d"
            },
            "dist": {
                "type": "zip",
                "url": "https://api.github.com/repos/mercadopago/DEPRECATED-sdk-php/zipball/67f65735d5d720a7fc2569163f5c7d150adc613d",
                "reference": "67f65735d5d720a7fc2569163f5c7d150adc613d",
                "shasum": ""
            },
            "require": {
                "ext-curl": "*"
            },
            "type": "library",
            "autoload": {
                "classmap": [
                    "lib/mercadopago.php"
                ]
            },
            "notification-url": "https://packagist.org/downloads/",
            "authors": [
                {
                    "name": "Horacio Casatti",
                    "email": "horacio.casatti@mercadolibre.com"
                }
            ],
            "description": "MercadoPago SDK module for Payments integration.",
            "keywords": [
                "mercadopago",
                "sdk"
            ],
            "support": {
                "issues": "https://github.com/mercadopago/DEPRECATED-sdk-php/issues",
                "source": "https://github.com/mercadopago/DEPRECATED-sdk-php/tree/v0.5.6"
            },
            "abandoned": true,
            "time": "2019-04-15T14:29:38+00:00"
        }
    ],
    "packages-dev": [],
    "aliases": [],
    "minimum-stability": "stable",
    "stability-flags": {},
    "prefer-stable": false,
    "prefer-lowest": false,
    "platform": {},
    "platform-dev": {},
    "plugin-api-version": "2.6.0"
}
